
Microsoft Visual Studio Solution File, Format Version 11.00
# Visual Studio 2010
Project("{FAE04EC0-301F-11D3-BF4B-00C04F79EFBC}") = "UnityEngine.TestRunner", "UnityEngine.TestRunner.csproj", "{5d85b0d6-b72b-2b84-49da-ee4307017622}"
EndProject
Project("{FAE04EC0-301F-11D3-BF4B-00C04F79EFBC}") = "Unity.VisualScripting.Flow", "Unity.VisualScripting.Flow.csproj", "{e84a08f9-632c-efd7-77bd-cc64cb6f5221}"
EndProject
Project("{FAE04EC0-301F-11D3-BF4B-00C04F79EFBC}") = "Unity.Mathematics", "Unity.Mathematics.csproj", "{b2e92f82-7b56-27ce-a48c-333f82c2e7c4}"
EndProject
Project("{FAE04EC0-301F-11D3-BF4B-00C04F79EFBC}") = "Unity.Services.Core.Telemetry", "Unity.Services.Core.Telemetry.csproj", "{ca49ed2f-fed5-fa4d-b653-4abb548049f8}"
EndProject
Project("{FAE04EC0-301F-11D3-BF4B-00C04F79EFBC}") = "Unity.VisualScripting.State", "Unity.VisualScripting.State.csproj", "{7be8e9b1-d629-a021-08a6-20c090e960e7}"
EndProject
Project("{FAE04EC0-301F-11D3-BF4B-00C04F79EFBC}") = "Unity.VisualScripting.Core", "Unity.VisualScripting.Core.csproj", "{6ce6b3c1-fded-8939-41a5-7b1b65b13c68}"
EndProject
Project("{FAE04EC0-301F-11D3-BF4B-00C04F79EFBC}") = "Unity.Services.Core.Environments.Internal", "Unity.Services.Core.Environments.Internal.csproj", "{568454b0-0690-369c-7983-2d0c956fdcb3}"
EndProject
Project("{FAE04EC0-301F-11D3-BF4B-00C04F79EFBC}") = "Unity.Burst", "Unity.Burst.csproj", "{483e851d-3dac-3ee7-39ca-0116b2cf5e51}"
EndProject
Project("{FAE04EC0-301F-11D3-BF4B-00C04F79EFBC}") = "Unity.TextMeshPro", "Unity.TextMeshPro.csproj", "{3e589d0b-fe6c-25bb-e804-1eba740d0770}"
EndProject
Project("{FAE04EC0-301F-11D3-BF4B-00C04F79EFBC}") = "Unity.Timeline", "Unity.Timeline.csproj", "{3e6f6112-50e6-0eaf-6d18-33caf9de6ddb}"
EndProject
Project("{FAE04EC0-301F-11D3-BF4B-00C04F79EFBC}") = "Unity.Services.Core", "Unity.Services.Core.csproj", "{537df87a-f692-eafb-6433-7aa030d148e2}"
EndProject
Project("{FAE04EC0-301F-11D3-BF4B-00C04F79EFBC}") = "Unity.Services.Core.Environments", "Unity.Services.Core.Environments.csproj", "{08f15a6e-39be-b043-d75c-ef2a1e0e056f}"
EndProject
Project("{FAE04EC0-301F-11D3-BF4B-00C04F79EFBC}") = "Unity.Services.Core.Internal", "Unity.Services.Core.Internal.csproj", "{90c419ce-8951-d0cb-7d1e-348854d098c5}"
EndProject
Project("{FAE04EC0-301F-11D3-BF4B-00C04F79EFBC}") = "Unity.Services.Core.Analytics", "Unity.Services.Core.Analytics.csproj", "{1cd4e061-88d2-8fd0-afdb-efc8dbc3fe5a}"
EndProject
Project("{FAE04EC0-301F-11D3-BF4B-00C04F79EFBC}") = "Unity.Services.Core.Scheduler", "Unity.Services.Core.Scheduler.csproj", "{6bbe7cb7-77ef-fb40-499e-8a5b68747fbf}"
EndProject
Project("{FAE04EC0-301F-11D3-BF4B-00C04F79EFBC}") = "Unity.Services.Core.Registration", "Unity.Services.Core.Registration.csproj", "{bee17bf0-089f-8afe-1df6-076a6800a81c}"
EndProject
Project("{FAE04EC0-301F-11D3-BF4B-00C04F79EFBC}") = "Unity.Services.Core.Device", "Unity.Services.Core.Device.csproj", "{72275eba-4e7a-2b53-482f-1e002efc814a}"
EndProject
Project("{FAE04EC0-301F-11D3-BF4B-00C04F79EFBC}") = "Unity.Services.Core.Threading", "Unity.Services.Core.Threading.csproj", "{ba350999-4eea-f945-1ba1-1891f896d7bb}"
EndProject
Project("{FAE04EC0-301F-11D3-BF4B-00C04F79EFBC}") = "Unity.Services.Core.Networking", "Unity.Services.Core.Networking.csproj", "{afe80a7a-00a3-6901-4c35-4e9541578a6b}"
EndProject
Project("{FAE04EC0-301F-11D3-BF4B-00C04F79EFBC}") = "Unity.Services.Core.Configuration", "Unity.Services.Core.Configuration.csproj", "{4476ca15-5519-031b-0d3e-3c6b4ab83f5a}"
EndProject
Project("{FAE04EC0-301F-11D3-BF4B-00C04F79EFBC}") = "Assembly-CSharp", "Assembly-CSharp.csproj", "{dff5ef49-12d2-165d-7055-3f04885344b2}"
EndProject
Project("{FAE04EC0-301F-11D3-BF4B-00C04F79EFBC}") = "Unity.PlasticSCM.Editor", "Unity.PlasticSCM.Editor.csproj", "{659d81f7-1cc2-e177-cf59-efde6883b705}"
EndProject
Project("{FAE04EC0-301F-11D3-BF4B-00C04F79EFBC}") = "Unity.VisualScripting.Core.Editor", "Unity.VisualScripting.Core.Editor.csproj", "{75501e78-fbf4-baaf-b330-9efb1a335b05}"
EndProject
Project("{FAE04EC0-301F-11D3-BF4B-00C04F79EFBC}") = "Unity.VisualScripting.Flow.Editor", "Unity.VisualScripting.Flow.Editor.csproj", "{1a006b44-237e-a59b-414d-36c918680f4e}"
EndProject
Project("{FAE04EC0-301F-11D3-BF4B-00C04F79EFBC}") = "Unity.VisualStudio.Editor", "Unity.VisualStudio.Editor.csproj", "{df9e50ca-7328-7394-242b-35182553be7a}"
EndProject
Project("{FAE04EC0-301F-11D3-BF4B-00C04F79EFBC}") = "Unity.Timeline.Editor", "Unity.Timeline.Editor.csproj", "{8b750950-b4e6-b52c-d179-78a390ac47f1}"
EndProject
Project("{FAE04EC0-301F-11D3-BF4B-00C04F79EFBC}") = "Unity.VisualScripting.State.Editor", "Unity.VisualScripting.State.Editor.csproj", "{6579fa34-2c4a-fd71-26bb-5e1dfc57b525}"
EndProject
Project("{FAE04EC0-301F-11D3-BF4B-00C04F79EFBC}") = "Unity.TextMeshPro.Editor", "Unity.TextMeshPro.Editor.csproj", "{5299ff4d-86f0-1735-f99a-e3dc727c7926}"
EndProject
Project("{FAE04EC0-301F-11D3-BF4B-00C04F79EFBC}") = "Unity.VisualScripting.SettingsProvider.Editor", "Unity.VisualScripting.SettingsProvider.Editor.csproj", "{51e774f5-fcd3-2e3f-8d7b-0544e620cc88}"
EndProject
Project("{FAE04EC0-301F-11D3-BF4B-00C04F79EFBC}") = "Unity.CollabProxy.Editor", "Unity.CollabProxy.Editor.csproj", "{86d55909-e47c-5ebe-0ac3-356ddacd2ad1}"
EndProject
Project("{FAE04EC0-301F-11D3-BF4B-00C04F79EFBC}") = "UnityEditor.TestRunner", "UnityEditor.TestRunner.csproj", "{86e40d4f-d91f-531f-93a2-2ed145a5ad68}"
EndProject
Project("{FAE04EC0-301F-11D3-BF4B-00C04F79EFBC}") = "Unity.Services.Core.Editor", "Unity.Services.Core.Editor.csproj", "{bbc41fe3-708a-ee46-67cb-2a9063323aeb}"
EndProject
Project("{FAE04EC0-301F-11D3-BF4B-00C04F79EFBC}") = "Unity.Rider.Editor", "Unity.Rider.Editor.csproj", "{1478ccbf-f7e2-86f3-f222-73c7888b1cfe}"
EndProject
Project("{FAE04EC0-301F-11D3-BF4B-00C04F79EFBC}") = "Unity.Searcher.Editor", "Unity.Searcher.Editor.csproj", "{7590e52c-d0b5-9863-0429-8165e2af05b2}"
EndProject
Project("{FAE04EC0-301F-11D3-BF4B-00C04F79EFBC}") = "Unity.Burst.CodeGen", "Unity.Burst.CodeGen.csproj", "{91a22857-35bc-fab4-5342-c539c7fc9b6b}"
EndProject
Project("{FAE04EC0-301F-11D3-BF4B-00C04F79EFBC}") = "Unity.VSCode.Editor", "Unity.VSCode.Editor.csproj", "{3e4db452-39b9-5b5a-8e67-ee72e6713137}"
EndProject
Project("{FAE04EC0-301F-11D3-BF4B-00C04F79EFBC}") = "Unity.Mathematics.Editor", "Unity.Mathematics.Editor.csproj", "{86bcd2bd-8906-1742-1411-2ab0fb004548}"
EndProject
Project("{FAE04EC0-301F-11D3-BF4B-00C04F79EFBC}") = "Unity.Services.Core.Configuration.Editor", "Unity.Services.Core.Configuration.Editor.csproj", "{6d15e24e-814f-418d-a043-1b6697254da5}"
EndProject
Project("{FAE04EC0-301F-11D3-BF4B-00C04F79EFBC}") = "Unity.Burst.Editor", "Unity.Burst.Editor.csproj", "{d8c19cce-d2f0-1dad-c2e4-50ec4bf1f5e0}"
EndProject
Project("{FAE04EC0-301F-11D3-BF4B-00C04F79EFBC}") = "Assembly-CSharp-Editor", "Assembly-CSharp-Editor.csproj", "{499f7a36-f16c-bd2d-18e7-5282d3538dc8}"
EndProject
Project("{FAE04EC0-301F-11D3-BF4B-00C04F79EFBC}") = "Unity.VisualScripting.Shared.Editor", "Unity.VisualScripting.Shared.Editor.csproj", "{088a1169-9b8b-4f1f-f38f-db3dcbf8226d}"
EndProject
Project("{FAE04EC0-301F-11D3-BF4B-00C04F79EFBC}") = "Unity.Mathematics.Tests", "Unity.Mathematics.Tests.csproj", "{78cc7d18-95b4-eeb3-8150-d2bb920e66c9}"
EndProject
Project("{FAE04EC0-301F-11D3-BF4B-00C04F79EFBC}") = "Unity.Burst.Tests.UnitTests", "Unity.Burst.Tests.UnitTests.csproj", "{53a7e496-0d03-dd99-668b-48908bd81d5f}"
EndProject
Project("{FAE04EC0-301F-11D3-BF4B-00C04F79EFBC}") = "Unity.PlasticSCM.EditorTests", "Unity.PlasticSCM.EditorTests.csproj", "{93557ddb-91ef-11ea-39b6-fe543ad241dd}"
EndProject
Project("{FAE04EC0-301F-11D3-BF4B-00C04F79EFBC}") = "Unity.Searcher.EditorTests", "Unity.Searcher.EditorTests.csproj", "{86faa364-638d-1361-8c26-d0fe5592a1dc}"
EndProject
Project("{FAE04EC0-301F-11D3-BF4B-00C04F79EFBC}") = "Unity.Burst.Editor.Tests", "Unity.Burst.Editor.Tests.csproj", "{066a521b-141b-8136-317d-5775cd0892af}"
EndProject
Project("{FAE04EC0-301F-11D3-BF4B-00C04F79EFBC}") = "Unity.TextMeshPro.Editor.Tests", "Unity.TextMeshPro.Editor.Tests.csproj", "{aac6110c-f22c-625c-2973-eae2f8eb1e46}"
EndProject
Project("{FAE04EC0-301F-11D3-BF4B-00C04F79EFBC}") = "DocCodeExamples", "DocCodeExamples.csproj", "{7a507885-78c2-8f76-b073-539eaffc1f27}"
EndProject
Project("{FAE04EC0-301F-11D3-BF4B-00C04F79EFBC}") = "Unity.CollabProxy.EditorTests", "Unity.CollabProxy.EditorTests.csproj", "{6181de77-c45d-a98b-8d52-e943f2858f0f}"
EndProject
Project("{FAE04EC0-301F-11D3-BF4B-00C04F79EFBC}") = "Unity.TextMeshPro.Tests", "Unity.TextMeshPro.Tests.csproj", "{1be7dba6-2349-fc82-5669-78c481c17d45}"
EndProject
Project("{FAE04EC0-301F-11D3-BF4B-00C04F79EFBC}") = "SeparateAssembly", "SeparateAssembly.csproj", "{fcf0ef1d-a9d7-9d04-cbb7-3948f856986d}"
EndProject
Global
	GlobalSection(SolutionConfigurationPlatforms) = preSolution
		Debug|Any CPU = Debug|Any CPU
	EndGlobalSection
	GlobalSection(ProjectConfigurationPlatforms) = postSolution
		{5d85b0d6-b72b-2b84-49da-ee4307017622}.Debug|Any CPU.ActiveCfg = Debug|Any CPU
		{5d85b0d6-b72b-2b84-49da-ee4307017622}.Debug|Any CPU.Build.0 = Debug|Any CPU
		{e84a08f9-632c-efd7-77bd-cc64cb6f5221}.Debug|Any CPU.ActiveCfg = Debug|Any CPU
		{e84a08f9-632c-efd7-77bd-cc64cb6f5221}.Debug|Any CPU.Build.0 = Debug|Any CPU
		{b2e92f82-7b56-27ce-a48c-333f82c2e7c4}.Debug|Any CPU.ActiveCfg = Debug|Any CPU
		{b2e92f82-7b56-27ce-a48c-333f82c2e7c4}.Debug|Any CPU.Build.0 = Debug|Any CPU
		{ca49ed2f-fed5-fa4d-b653-4abb548049f8}.Debug|Any CPU.ActiveCfg = Debug|Any CPU
		{ca49ed2f-fed5-fa4d-b653-4abb548049f8}.Debug|Any CPU.Build.0 = Debug|Any CPU
		{7be8e9b1-d629-a021-08a6-20c090e960e7}.Debug|Any CPU.ActiveCfg = Debug|Any CPU
		{7be8e9b1-d629-a021-08a6-20c090e960e7}.Debug|Any CPU.Build.0 = Debug|Any CPU
		{6ce6b3c1-fded-8939-41a5-7b1b65b13c68}.Debug|Any CPU.ActiveCfg = Debug|Any CPU
		{6ce6b3c1-fded-8939-41a5-7b1b65b13c68}.Debug|Any CPU.Build.0 = Debug|Any CPU
		{568454b0-0690-369c-7983-2d0c956fdcb3}.Debug|Any CPU.ActiveCfg = Debug|Any CPU
		{568454b0-0690-369c-7983-2d0c956fdcb3}.Debug|Any CPU.Build.0 = Debug|Any CPU
		{483e851d-3dac-3ee7-39ca-0116b2cf5e51}.Debug|Any CPU.ActiveCfg = Debug|Any CPU
		{483e851d-3dac-3ee7-39ca-0116b2cf5e51}.Debug|Any CPU.Build.0 = Debug|Any CPU
		{3e589d0b-fe6c-25bb-e804-1eba740d0770}.Debug|Any CPU.ActiveCfg = Debug|Any CPU
		{3e589d0b-fe6c-25bb-e804-1eba740d0770}.Debug|Any CPU.Build.0 = Debug|Any CPU
		{3e6f6112-50e6-0eaf-6d18-33caf9de6ddb}.Debug|Any CPU.ActiveCfg = Debug|Any CPU
		{3e6f6112-50e6-0eaf-6d18-33caf9de6ddb}.Debug|Any CPU.Build.0 = Debug|Any CPU
		{537df87a-f692-eafb-6433-7aa030d148e2}.Debug|Any CPU.ActiveCfg = Debug|Any CPU
		{537df87a-f692-eafb-6433-7aa030d148e2}.Debug|Any CPU.Build.0 = Debug|Any CPU
		{08f15a6e-39be-b043-d75c-ef2a1e0e056f}.Debug|Any CPU.ActiveCfg = Debug|Any CPU
		{08f15a6e-39be-b043-d75c-ef2a1e0e056f}.Debug|Any CPU.Build.0 = Debug|Any CPU
		{90c419ce-8951-d0cb-7d1e-348854d098c5}.Debug|Any CPU.ActiveCfg = Debug|Any CPU
		{90c419ce-8951-d0cb-7d1e-348854d098c5}.Debug|Any CPU.Build.0 = Debug|Any CPU
		{1cd4e061-88d2-8fd0-afdb-efc8dbc3fe5a}.Debug|Any CPU.ActiveCfg = Debug|Any CPU
		{1cd4e061-88d2-8fd0-afdb-efc8dbc3fe5a}.Debug|Any CPU.Build.0 = Debug|Any CPU
		{6bbe7cb7-77ef-fb40-499e-8a5b68747fbf}.Debug|Any CPU.ActiveCfg = Debug|Any CPU
		{6bbe7cb7-77ef-fb40-499e-8a5b68747fbf}.Debug|Any CPU.Build.0 = Debug|Any CPU
		{bee17bf0-089f-8afe-1df6-076a6800a81c}.Debug|Any CPU.ActiveCfg = Debug|Any CPU
		{bee17bf0-089f-8afe-1df6-076a6800a81c}.Debug|Any CPU.Build.0 = Debug|Any CPU
		{72275eba-4e7a-2b53-482f-1e002efc814a}.Debug|Any CPU.ActiveCfg = Debug|Any CPU
		{72275eba-4e7a-2b53-482f-1e002efc814a}.Debug|Any CPU.Build.0 = Debug|Any CPU
		{ba350999-4eea-f945-1ba1-1891f896d7bb}.Debug|Any CPU.ActiveCfg = Debug|Any CPU
		{ba350999-4eea-f945-1ba1-1891f896d7bb}.Debug|Any CPU.Build.0 = Debug|Any CPU
		{afe80a7a-00a3-6901-4c35-4e9541578a6b}.Debug|Any CPU.ActiveCfg = Debug|Any CPU
		{afe80a7a-00a3-6901-4c35-4e9541578a6b}.Debug|Any CPU.Build.0 = Debug|Any CPU
		{4476ca15-5519-031b-0d3e-3c6b4ab83f5a}.Debug|Any CPU.ActiveCfg = Debug|Any CPU
		{4476ca15-5519-031b-0d3e-3c6b4ab83f5a}.Debug|Any CPU.Build.0 = Debug|Any CPU
		{dff5ef49-12d2-165d-7055-3f04885344b2}.Debug|Any CPU.ActiveCfg = Debug|Any CPU
		{dff5ef49-12d2-165d-7055-3f04885344b2}.Debug|Any CPU.Build.0 = Debug|Any CPU
		{659d81f7-1cc2-e177-cf59-efde6883b705}.Debug|Any CPU.ActiveCfg = Debug|Any CPU
		{659d81f7-1cc2-e177-cf59-efde6883b705}.Debug|Any CPU.Build.0 = Debug|Any CPU
		{75501e78-fbf4-baaf-b330-9efb1a335b05}.Debug|Any CPU.ActiveCfg = Debug|Any CPU
		{75501e78-fbf4-baaf-b330-9efb1a335b05}.Debug|Any CPU.Build.0 = Debug|Any CPU
		{1a006b44-237e-a59b-414d-36c918680f4e}.Debug|Any CPU.ActiveCfg = Debug|Any CPU
		{1a006b44-237e-a59b-414d-36c918680f4e}.Debug|Any CPU.Build.0 = Debug|Any CPU
		{df9e50ca-7328-7394-242b-35182553be7a}.Debug|Any CPU.ActiveCfg = Debug|Any CPU
		{df9e50ca-7328-7394-242b-35182553be7a}.Debug|Any CPU.Build.0 = Debug|Any CPU
		{8b750950-b4e6-b52c-d179-78a390ac47f1}.Debug|Any CPU.ActiveCfg = Debug|Any CPU
		{8b750950-b4e6-b52c-d179-78a390ac47f1}.Debug|Any CPU.Build.0 = Debug|Any CPU
		{6579fa34-2c4a-fd71-26bb-5e1dfc57b525}.Debug|Any CPU.ActiveCfg = Debug|Any CPU
		{6579fa34-2c4a-fd71-26bb-5e1dfc57b525}.Debug|Any CPU.Build.0 = Debug|Any CPU
		{5299ff4d-86f0-1735-f99a-e3dc727c7926}.Debug|Any CPU.ActiveCfg = Debug|Any CPU
		{5299ff4d-86f0-1735-f99a-e3dc727c7926}.Debug|Any CPU.Build.0 = Debug|Any CPU
		{51e774f5-fcd3-2e3f-8d7b-0544e620cc88}.Debug|Any CPU.ActiveCfg = Debug|Any CPU
		{51e774f5-fcd3-2e3f-8d7b-0544e620cc88}.Debug|Any CPU.Build.0 = Debug|Any CPU
		{86d55909-e47c-5ebe-0ac3-356ddacd2ad1}.Debug|Any CPU.ActiveCfg = Debug|Any CPU
		{86d55909-e47c-5ebe-0ac3-356ddacd2ad1}.Debug|Any CPU.Build.0 = Debug|Any CPU
		{86e40d4f-d91f-531f-93a2-2ed145a5ad68}.Debug|Any CPU.ActiveCfg = Debug|Any CPU
		{86e40d4f-d91f-531f-93a2-2ed145a5ad68}.Debug|Any CPU.Build.0 = Debug|Any CPU
		{bbc41fe3-708a-ee46-67cb-2a9063323aeb}.Debug|Any CPU.ActiveCfg = Debug|Any CPU
		{bbc41fe3-708a-ee46-67cb-2a9063323aeb}.Debug|Any CPU.Build.0 = Debug|Any CPU
		{1478ccbf-f7e2-86f3-f222-73c7888b1cfe}.Debug|Any CPU.ActiveCfg = Debug|Any CPU
		{1478ccbf-f7e2-86f3-f222-73c7888b1cfe}.Debug|Any CPU.Build.0 = Debug|Any CPU
		{7590e52c-d0b5-9863-0429-8165e2af05b2}.Debug|Any CPU.ActiveCfg = Debug|Any CPU
		{7590e52c-d0b5-9863-0429-8165e2af05b2}.Debug|Any CPU.Build.0 = Debug|Any CPU
		{91a22857-35bc-fab4-5342-c539c7fc9b6b}.Debug|Any CPU.ActiveCfg = Debug|Any CPU
		{91a22857-35bc-fab4-5342-c539c7fc9b6b}.Debug|Any CPU.Build.0 = Debug|Any CPU
		{3e4db452-39b9-5b5a-8e67-ee72e6713137}.Debug|Any CPU.ActiveCfg = Debug|Any CPU
		{3e4db452-39b9-5b5a-8e67-ee72e6713137}.Debug|Any CPU.Build.0 = Debug|Any CPU
		{86bcd2bd-8906-1742-1411-2ab0fb004548}.Debug|Any CPU.ActiveCfg = Debug|Any CPU
		{86bcd2bd-8906-1742-1411-2ab0fb004548}.Debug|Any CPU.Build.0 = Debug|Any CPU
		{6d15e24e-814f-418d-a043-1b6697254da5}.Debug|Any CPU.ActiveCfg = Debug|Any CPU
		{6d15e24e-814f-418d-a043-1b6697254da5}.Debug|Any CPU.Build.0 = Debug|Any CPU
		{d8c19cce-d2f0-1dad-c2e4-50ec4bf1f5e0}.Debug|Any CPU.ActiveCfg = Debug|Any CPU
		{d8c19cce-d2f0-1dad-c2e4-50ec4bf1f5e0}.Debug|Any CPU.Build.0 = Debug|Any CPU
		{499f7a36-f16c-bd2d-18e7-5282d3538dc8}.Debug|Any CPU.ActiveCfg = Debug|Any CPU
		{499f7a36-f16c-bd2d-18e7-5282d3538dc8}.Debug|Any CPU.Build.0 = Debug|Any CPU
		{088a1169-9b8b-4f1f-f38f-db3dcbf8226d}.Debug|Any CPU.ActiveCfg = Debug|Any CPU
		{088a1169-9b8b-4f1f-f38f-db3dcbf8226d}.Debug|Any CPU.Build.0 = Debug|Any CPU
		{78cc7d18-95b4-eeb3-8150-d2bb920e66c9}.Debug|Any CPU.ActiveCfg = Debug|Any CPU
		{78cc7d18-95b4-eeb3-8150-d2bb920e66c9}.Debug|Any CPU.Build.0 = Debug|Any CPU
		{53a7e496-0d03-dd99-668b-48908bd81d5f}.Debug|Any CPU.ActiveCfg = Debug|Any CPU
		{53a7e496-0d03-dd99-668b-48908bd81d5f}.Debug|Any CPU.Build.0 = Debug|Any CPU
		{93557ddb-91ef-11ea-39b6-fe543ad241dd}.Debug|Any CPU.ActiveCfg = Debug|Any CPU
		{93557ddb-91ef-11ea-39b6-fe543ad241dd}.Debug|Any CPU.Build.0 = Debug|Any CPU
		{86faa364-638d-1361-8c26-d0fe5592a1dc}.Debug|Any CPU.ActiveCfg = Debug|Any CPU
		{86faa364-638d-1361-8c26-d0fe5592a1dc}.Debug|Any CPU.Build.0 = Debug|Any CPU
		{066a521b-141b-8136-317d-5775cd0892af}.Debug|Any CPU.ActiveCfg = Debug|Any CPU
		{066a521b-141b-8136-317d-5775cd0892af}.Debug|Any CPU.Build.0 = Debug|Any CPU
		{aac6110c-f22c-625c-2973-eae2f8eb1e46}.Debug|Any CPU.ActiveCfg = Debug|Any CPU
		{aac6110c-f22c-625c-2973-eae2f8eb1e46}.Debug|Any CPU.Build.0 = Debug|Any CPU
		{7a507885-78c2-8f76-b073-539eaffc1f27}.Debug|Any CPU.ActiveCfg = Debug|Any CPU
		{7a507885-78c2-8f76-b073-539eaffc1f27}.Debug|Any CPU.Build.0 = Debug|Any CPU
		{6181de77-c45d-a98b-8d52-e943f2858f0f}.Debug|Any CPU.ActiveCfg = Debug|Any CPU
		{6181de77-c45d-a98b-8d52-e943f2858f0f}.Debug|Any CPU.Build.0 = Debug|Any CPU
		{1be7dba6-2349-fc82-5669-78c481c17d45}.Debug|Any CPU.ActiveCfg = Debug|Any CPU
		{1be7dba6-2349-fc82-5669-78c481c17d45}.Debug|Any CPU.Build.0 = Debug|Any CPU
		{fcf0ef1d-a9d7-9d04-cbb7-3948f856986d}.Debug|Any CPU.ActiveCfg = Debug|Any CPU
		{fcf0ef1d-a9d7-9d04-cbb7-3948f856986d}.Debug|Any CPU.Build.0 = Debug|Any CPU
	EndGlobalSection
	GlobalSection(SolutionProperties) = preSolution
		HideSolutionNode = FALSE
	EndGlobalSection
EndGlobal
